# THIS IS AN AUTOGENERATED FILE. DO NOT EDIT THIS FILE DIRECTLY.
# yarn lockfile v1


balanced-match@^1.0.0:
  version "1.0.0"
  resolved "http://registry.npm.taobao.org/balanced-match/download/balanced-match-1.0.0.tgz#89b4d199ab2bee49de164ea02b89ce462d71b767"

brace-expansion@^1.0.0:
  version "1.1.8"
  resolved "http://registry.npm.taobao.org/brace-expansion/download/brace-expansion-1.1.8.tgz#c07b211c7c952ec1f8efd51a77ef0d1d3990a292"
  dependencies:
    balanced-match "^1.0.0"
    concat-map "0.0.1"

concat-map@0.0.1:
  version "0.0.1"
  resolved "http://registry.npm.taobao.org/concat-map/download/concat-map-0.0.1.tgz#d8a96bd77fd68df7793a73036a3ba0d5405d477b"

core-util-is@~1.0.0:
  version "1.0.2"
  resolved "http://registry.npm.taobao.org/core-util-is/download/core-util-is-1.0.2.tgz#b5fd54220aa2bc5ab57aab7140c940754503c1a7"

find-index@^0.1.1:
  version "0.1.1"
  resolved "http://registry.npm.taobao.org/find-index/download/find-index-0.1.1.tgz#675d358b2ca3892d795a1ab47232f8b6e2e0dde4"

gifencoder@^1.1.0:
  version "1.1.0"
  resolved "http://registry.npm.taobao.org/gifencoder/download/gifencoder-1.1.0.tgz#50e7d98c4b0cf97edd0d885d7e1b997f88802de3"

glob-stream@~3.1.9:
  version "3.1.18"
  resolved "http://registry.npm.taobao.org/glob-stream/download/glob-stream-3.1.18.tgz#9170a5f12b790306fdfe598f313f8f7954fd143b"
  dependencies:
    glob "^4.3.1"
    glob2base "^0.0.12"
    minimatch "^2.0.1"
    ordered-read-streams "^0.1.0"
    through2 "^0.6.1"
    unique-stream "^1.0.0"

glob2base@^0.0.12:
  version "0.0.12"
  resolved "http://registry.npm.taobao.org/glob2base/download/glob2base-0.0.12.tgz#9d419b3e28f12e83a362164a277055922c9c0d56"
  dependencies:
    find-index "^0.1.1"

glob@^4.3.1:
  version "4.5.3"
  resolved "http://registry.npm.taobao.org/glob/download/glob-4.5.3.tgz#c6cb73d3226c1efef04de3c56d012f03377ee15f"
  dependencies:
    inflight "^1.0.4"
    inherits "2"
    minimatch "^2.0.1"
    once "^1.3.0"

inflight@^1.0.4:
  version "1.0.6"
  resolved "http://registry.npm.taobao.org/inflight/download/inflight-1.0.6.tgz#49bd6331d7d02d0c09bc910a1075ba8165b56df9"
  dependencies:
    once "^1.3.0"
    wrappy "1"

inherits@2, inherits@~2.0.1:
  version "2.0.3"
  resolved "http://registry.npm.taobao.org/inherits/download/inherits-2.0.3.tgz#633c2c83e3da42a502f52466022480f4208261de"

isarray@0.0.1:
  version "0.0.1"
  resolved "http://registry.npm.taobao.org/isarray/download/isarray-0.0.1.tgz#8a18acfca9a8f4177e09abfc6038939b05d1eedf"

minimatch@^2.0.1:
  version "2.0.10"
  resolved "http://registry.npm.taobao.org/minimatch/download/minimatch-2.0.10.tgz#8d087c39c6b38c001b97fca7ce6d0e1e80afbac7"
  dependencies:
    brace-expansion "^1.0.0"

object-keys@~0.4.0:
  version "0.4.0"
  resolved "http://registry.npm.taobao.org/object-keys/download/object-keys-0.4.0.tgz#28a6aae7428dd2c3a92f3d95f21335dd204e0336"

once@^1.3.0:
  version "1.4.0"
  resolved "http://registry.npm.taobao.org/once/download/once-1.4.0.tgz#583b1aa775961d4b113ac17d9c50baef9dd76bd1"
  dependencies:
    wrappy "1"

ordered-read-streams@^0.1.0:
  version "0.1.0"
  resolved "http://registry.npm.taobao.org/ordered-read-streams/download/ordered-read-streams-0.1.0.tgz#fd565a9af8eb4473ba69b6ed8a34352cb552f126"

png-file-stream@^1.0.0:
  version "1.0.0"
  resolved "http://registry.npm.taobao.org/png-file-stream/download/png-file-stream-1.0.0.tgz#e083d0fe56e097a5cbd0d341a1387379052cad35"
  dependencies:
    glob-stream "~3.1.9"
    png-js "~0.1.1"
    through2 "~0.2.3"

png-js@~0.1.1:
  version "0.1.1"
  resolved "http://registry.npm.taobao.org/png-js/download/png-js-0.1.1.tgz#1cc7c212303acabe74263ec3ac78009580242d93"

"readable-stream@>=1.0.33-1 <1.1.0-0":
  version "1.0.34"
  resolved "http://registry.npm.taobao.org/readable-stream/download/readable-stream-1.0.34.tgz#125820e34bc842d2f2aaafafe4c2916ee32c157c"
  dependencies:
    core-util-is "~1.0.0"
    inherits "~2.0.1"
    isarray "0.0.1"
    string_decoder "~0.10.x"

readable-stream@~1.1.9:
  version "1.1.14"
  resolved "http://registry.npm.taobao.org/readable-stream/download/readable-stream-1.1.14.tgz#7cf4c54ef648e3813084c636dd2079e166c081d9"
  dependencies:
    core-util-is "~1.0.0"
    inherits "~2.0.1"
    isarray "0.0.1"
    string_decoder "~0.10.x"

string_decoder@~0.10.x:
  version "0.10.31"
  resolved "http://registry.npm.taobao.org/string_decoder/download/string_decoder-0.10.31.tgz#62e203bc41766c6c28c9fc84301dab1c5310fa94"

through2@^0.6.1:
  version "0.6.5"
  resolved "http://registry.npm.taobao.org/through2/download/through2-0.6.5.tgz#41ab9c67b29d57209071410e1d7a7a968cd3ad48"
  dependencies:
    readable-stream ">=1.0.33-1 <1.1.0-0"
    xtend ">=4.0.0 <4.1.0-0"

through2@~0.2.3:
  version "0.2.3"
  resolved "http://registry.npm.taobao.org/through2/download/through2-0.2.3.tgz#eb3284da4ea311b6cc8ace3653748a52abf25a3f"
  dependencies:
    readable-stream "~1.1.9"
    xtend "~2.1.1"

unique-stream@^1.0.0:
  version "1.0.0"
  resolved "http://registry.npm.taobao.org/unique-stream/download/unique-stream-1.0.0.tgz#d59a4a75427447d9aa6c91e70263f8d26a4b104b"

wrappy@1:
  version "1.0.2"
  resolved "http://registry.npm.taobao.org/wrappy/download/wrappy-1.0.2.tgz#b5243d8f3ec1aa35f1364605bc0d1036e30ab69f"

"xtend@>=4.0.0 <4.1.0-0":
  version "4.0.1"
  resolved "http://registry.npm.taobao.org/xtend/download/xtend-4.0.1.tgz#a5c6d532be656e23db820efb943a1f04998d63af"

xtend@~2.1.1:
  version "2.1.2"
  resolved "http://registry.npm.taobao.org/xtend/download/xtend-2.1.2.tgz#6efecc2a4dad8e6962c4901b337ce7ba87b5d28b"
  dependencies:
    object-keys "~0.4.0"
